
Microsoft Visual Studio Solution File, Format Version 12.00
# Visual Studio Version 16
VisualStudioVersion = 16.0.30907.101
MinimumVisualStudioVersion = 10.0.40219.1
Project("{FAE04EC0-301F-11D3-BF4B-00C04F79EFBC}") = "HWDay13_13b", "HWDay13_13b\HWDay13_13b.csproj", "{2118FFF8-72CD-4CE1-8F5E-155E7BDADFAD}"
EndProject
Global
	GlobalSection(SolutionConfigurationPlatforms) = preSolution
		Debug|Any CPU = Debug|Any CPU
		Release|Any CPU = Release|Any CPU
	EndGlobalSection
	GlobalSection(ProjectConfigurationPlatforms) = postSolution
		{2118FFF8-72CD-4CE1-8F5E-155E7BDADFAD}.Debug|Any CPU.ActiveCfg = Debug|Any CPU
		{2118FFF8-72CD-4CE1-8F5E-155E7BDADFAD}.Debug|Any CPU.Build.0 = Debug|Any CPU
		{2118FFF8-72CD-4CE1-8F5E-155E7BDADFAD}.Release|Any CPU.ActiveCfg = Release|Any CPU
		{2118FFF8-72CD-4CE1-8F5E-155E7BDADFAD}.Release|Any CPU.Build.0 = Release|Any CPU
	EndGlobalSection
	GlobalSection(SolutionProperties) = preSolution
		HideSolutionNode = FALSE
	EndGlobalSection
	GlobalSection(ExtensibilityGlobals) = postSolution
		SolutionGuid = {1ADFEA0D-5604-4074-B6D9-DDFB4A37AE82}
	EndGlobalSection
EndGlobal
